
Microsoft Visual Studio Solution File, Format Version 12.00
# Visual Studio Version 16
VisualStudioVersion = 16.0.30804.86
MinimumVisualStudioVersion = 10.0.40219.1
Project("{9A19103F-16F7-4668-BE54-9A1E7A4F7556}") = "OrangeTESTS", "Orange\OrangeTESTS.csproj", "{5F2574C7-FA1A-429C-91C7-9F092671F791}"
EndProject
Global
	GlobalSection(SolutionConfigurationPlatforms) = preSolution
		Debug|Any CPU = Debug|Any CPU
		Release|Any CPU = Release|Any CPU
	EndGlobalSection
	GlobalSection(ProjectConfigurationPlatforms) = postSolution
		{5F2574C7-FA1A-429C-91C7-9F092671F791}.Debug|Any CPU.ActiveCfg = Debug|Any CPU
		{5F2574C7-FA1A-429C-91C7-9F092671F791}.Debug|Any CPU.Build.0 = Debug|Any CPU
		{5F2574C7-FA1A-429C-91C7-9F092671F791}.Release|Any CPU.ActiveCfg = Release|Any CPU
		{5F2574C7-FA1A-429C-91C7-9F092671F791}.Release|Any CPU.Build.0 = Release|Any CPU
	EndGlobalSection
	GlobalSection(SolutionProperties) = preSolution
		HideSolutionNode = FALSE
	EndGlobalSection
	GlobalSection(ExtensibilityGlobals) = postSolution
		SolutionGuid = {10BE9E70-8E14-4451-851D-8130A6F8BDAC}
	EndGlobalSection
EndGlobal
